github.com/gertd/go-pluralize v0.1.1 h1:fQhql/WRRwr4TVp+TCw12s2esCacvEVBdkTUUwNqF/Q=
github.com/gertd/go-pluralize v0.1.1/go.mod h1:t5DfHcumb6m0RqyVJDrDLEzL2AGeaiqUXIcDNwLaeAs=
github.com/jteeuwen/go-bindata v3.0.7+incompatible h1:91Uy4d9SYVr1kyTJ15wJsog+esAZZl7JmEfTkwmhJts=
github.com/jteeuwen/go-bindata v3.0.7+incompatible/go.mod h1:JVvhzYOiGBnFSYRyV00iY8q7/0PThjIYav1p9h5dmKs=
